
Microsoft Visual Studio Solution File, Format Version 11.00
# Visual Studio 2010
Project("{FAE04EC0-301F-11D3-BF4B-00C04F79EFBC}") = "Saaspose", "Saaspose.SDK\Saaspose.csproj", "{232BFF8E-F233-4B6B-B1D0-0A901736D949}"
EndProject
Global
	GlobalSection(SolutionConfigurationPlatforms) = preSolution
		Debug|Any CPU = Debug|Any CPU
		Release|Any CPU = Release|Any CPU
	EndGlobalSection
	GlobalSection(ProjectConfigurationPlatforms) = postSolution
		{232BFF8E-F233-4B6B-B1D0-0A901736D949}.Debug|Any CPU.ActiveCfg = Debug|Any CPU
		{232BFF8E-F233-4B6B-B1D0-0A901736D949}.Debug|Any CPU.Build.0 = Debug|Any CPU
		{232BFF8E-F233-4B6B-B1D0-0A901736D949}.Release|Any CPU.ActiveCfg = Release|Any CPU
		{232BFF8E-F233-4B6B-B1D0-0A901736D949}.Release|Any CPU.Build.0 = Release|Any CPU
	EndGlobalSection
	GlobalSection(SolutionProperties) = preSolution
		HideSolutionNode = FALSE
	EndGlobalSection
EndGlobal
